{
    "_meta": {
        "hash": {
            "sha256": "01a95ffdc866e8570c169fe7373b9d63fcc067f6c94a4536cab27214c78f59b2"
        },
        "pipfile-spec": 6,
        "requires": {
            "python_version": "3.6"
        },
        "sources": [
            {
                "name": "pypi",
                "url": "https://pypi.org/simple",
                "verify_ssl": true
            }
        ]
    },
    "default": {
        "avro-python3": {
            "hashes": [
                "sha256:daab2cea71b942a1eb57d700d4a729e9d6cd93284d4dd4d65a378b9f958aa0d2"
            ],
            "index": "pypi",
            "version": "==1.9.1"
        },
        "fastavro": {
            "hashes": [
                "sha256:0e335a3a6644dc3143c6e2d2a05976ef8551c1eed2458afdfdac512dedff7647",
                "sha256:1be02463920853c7a80f04e10235d2730a352b3284b80cc4f12ab52fc78f10c3",
                "sha256:1f3b7f23005c423fb9c6e2a933ada01bca3962fd266458055c9653b1c9c3d16c",
                "sha256:2fc8a774c687f488f53eee449bef024d769fa68a4066542f5320449b68d0c3f3",
                "sha256:472f873d03945b24aa988e202842d2c0be3a0707c1f161bdfcb6bf366ff3670a",
                "sha256:48e308c9781ed60d0eafc567665092917e08e8ff003e998e453b6f76d5d2a22d",
                "sha256:58aaaeeba464efeec2c5b7d581cd1543ecc7841bee386ce069b82ce408cd2096",
                "sha256:5f8c4a8011a0266f85d58d4082daa70a91a75226579294edd341785729c6fdc7",
                "sha256:671d6e76a308d662b7fb45ecd162149deef825bfc8e9c29f453b1b2aad35e4f1",
                "sha256:a4ac4bab4aa58a94e983c227547ae463ca85d1a248218322a04d0f6a2b5bd2fa",
                "sha256:b50ac77e0f4199f66e496c835bddaee23fdf8936ff4a1c9e19206b331f4c4952",
                "sha256:b6089075590cbbea3ba82e188d9aca7ca147f536357151b94bb8297e14b50638",
                "sha256:b6cf562b2df0b49698c41b79fcc89173d4b43d2d6ca7bdc048d0586be08c9a0a",
                "sha256:c1e29f416a4badc014cd3190b1ea0aab5fe575c43a775c6e39eb67352eb77d7a",
                "sha256:c97aa289b972bbe03c7310d39e4816198e0a3a749df14b9986f5aa4f22aa7b26",
                "sha256:ca2e0468a57177b0c6a93156c27aec65679c53d148892e725a1a2cfaf759b50a",
                "sha256:cef5f4a9e14fec7ef20d4ffc83478f64e7fbb93e7fc7a58800829887d9f0bda3",
                "sha256:d1ba430ad3ace6797c0d87084590e5e14822c4d114064dc21fd8b47a9dd4f28b",
                "sha256:dde0f6e0ea3e58452214d1bc9668b6c370c21848c6fbd7ff23e3eb036ec94e7a",
                "sha256:e0f65e8a0f62a4244fabcd34e73ef1d8f7e3e6c0b84d440126487f146e7486da",
                "sha256:e4e3d939286e5bee89b23ec6ad6ffcc1e163dbdc481eec3b1234c7c442f30435",
                "sha256:e97aa1cb62b58daf193f879f0d4d950fe31f29ae9b050d206483b5100657fbb9"
            ],
            "index": "pypi",
            "version": "==0.22.7"
        }
    },
    "develop": {
        "autopep8": {
            "hashes": [
                "sha256:4d8eec30cc81bc5617dbf1218201d770dc35629363547f17577c61683ccfb3ee"
            ],
            "index": "pypi",
            "version": "==1.4.4"
        },
        "pycodestyle": {
            "hashes": [
                "sha256:95a2219d12372f05704562a14ec30bc76b05a5b297b21a5dfe3f6fac3491ae56",
                "sha256:e40a936c9a450ad81df37f549d676d127b1b66000a6c500caa2b085bc0ca976c"
            ],
            "version": "==2.5.0"
        }
    }
}
